// !$*UTF8*$!
{
	archiveVersion = 1;
	classes = {
	};
	objectVersion = 56;
	objects = {

/* Begin PBXBuildFile section */
		EA52C3ED298B0B6400FCE458 /* NewsAPI.swift in Sources */ = {isa = PBXBuildFile; fileRef = EA52C3EC298B0B6400FCE458 /* NewsAPI.swift */; };
		EA52C3EF298B0C9700FCE458 /* Category.swift in Sources */ = {isa = PBXBuildFile; fileRef = EA52C3EE298B0C9700FCE458 /* Category.swift */; };
		EA52C3F2298B11F600FCE458 /* ArticleViewModel.swift in Sources */ = {isa = PBXBuildFile; fileRef = EA52C3F1298B11F600FCE458 /* ArticleViewModel.swift */; };
		EA52C3F4298B1BBF00FCE458 /* NewsTabView.swift in Sources */ = {isa = PBXBuildFile; fileRef = EA52C3F3298B1BBF00FCE458 /* NewsTabView.swift */; };
		EA52C3F6298B209A00FCE458 /* EmptyPlaceholderView.swift in Sources */ = {isa = PBXBuildFile; fileRef = EA52C3F5298B209A00FCE458 /* EmptyPlaceholderView.swift */; };
		EA52C3F8298B20FF00FCE458 /* RetryView.swift in Sources */ = {isa = PBXBuildFile; fileRef = EA52C3F7298B20FF00FCE458 /* RetryView.swift */; };
		EA7DFE2829896A4C00F23B23 /* NewierApp.swift in Sources */ = {isa = PBXBuildFile; fileRef = EA7DFE2729896A4C00F23B23 /* NewierApp.swift */; };
		EA7DFE2A29896A4C00F23B23 /* ContentView.swift in Sources */ = {isa = PBXBuildFile; fileRef = EA7DFE2929896A4C00F23B23 /* ContentView.swift */; };
		EA7DFE2C29896A4E00F23B23 /* Assets.xcassets in Resources */ = {isa = PBXBuildFile; fileRef = EA7DFE2B29896A4E00F23B23 /* Assets.xcassets */; };
		EA7DFE2F29896A4E00F23B23 /* Preview Assets.xcassets in Resources */ = {isa = PBXBuildFile; fileRef = EA7DFE2E29896A4E00F23B23 /* Preview Assets.xcassets */; };
		EA7DFE3729896FE100F23B23 /* Article.swift in Sources */ = {isa = PBXBuildFile; fileRef = EA7DFE3629896FE100F23B23 /* Article.swift */; };
		EA7DFE3A2989740400F23B23 /* NewsAPIResponse.swift in Sources */ = {isa = PBXBuildFile; fileRef = EA7DFE392989740400F23B23 /* NewsAPIResponse.swift */; };
		EA7DFE3D2989758700F23B23 /* news.json in Resources */ = {isa = PBXBuildFile; fileRef = EA7DFE3C2989758700F23B23 /* news.json */; };
		EADAA0A5298975F500CFB5E0 /* ArticleRowView.swift in Sources */ = {isa = PBXBuildFile; fileRef = EADAA0A4298975F500CFB5E0 /* ArticleRowView.swift */; };
		EADAA0A829897FAD00CFB5E0 /* ArticleListView.swift in Sources */ = {isa = PBXBuildFile; fileRef = EADAA0A729897FAC00CFB5E0 /* ArticleListView.swift */; };
		EADAA0AA298980E300CFB5E0 /* SafariView.swift in Sources */ = {isa = PBXBuildFile; fileRef = EADAA0A9298980E300CFB5E0 /* SafariView.swift */; };
/* End PBXBuildFile section */

/* Begin PBXFileReference section */
		EA52C3EC298B0B6400FCE458 /* NewsAPI.swift */ = {isa = PBXFileReference; lastKnownFileType = sourcecode.swift; path = NewsAPI.swift; sourceTree = "<group>"; };
		EA52C3EE298B0C9700FCE458 /* Category.swift */ = {isa = PBXFileReference; lastKnownFileType = sourcecode.swift; path = Category.swift; sourceTree = "<group>"; };
		EA52C3F1298B11F600FCE458 /* ArticleViewModel.swift */ = {isa = PBXFileReference; lastKnownFileType = sourcecode.swift; path = ArticleViewModel.swift; sourceTree = "<group>"; };
		EA52C3F3298B1BBF00FCE458 /* NewsTabView.swift */ = {isa = PBXFileReference; lastKnownFileType = sourcecode.swift; path = NewsTabView.swift; sourceTree = "<group>"; };
		EA52C3F5298B209A00FCE458 /* EmptyPlaceholderView.swift */ = {isa = PBXFileReference; lastKnownFileType = sourcecode.swift; path = EmptyPlaceholderView.swift; sourceTree = "<group>"; };
		EA52C3F7298B20FF00FCE458 /* RetryView.swift */ = {isa = PBXFileReference; lastKnownFileType = sourcecode.swift; path = RetryView.swift; sourceTree = "<group>"; };
		EA7DFE2429896A4B00F23B23 /* Newier.app */ = {isa = PBXFileReference; explicitFileType = wrapper.application; includeInIndex = 0; path = Newier.app; sourceTree = BUILT_PRODUCTS_DIR; };
		EA7DFE2729896A4C00F23B23 /* NewierApp.swift */ = {isa = PBXFileReference; lastKnownFileType = sourcecode.swift; path = NewierApp.swift; sourceTree = "<group>"; };
		EA7DFE2929896A4C00F23B23 /* ContentView.swift */ = {isa = PBXFileReference; lastKnownFileType = sourcecode.swift; path = ContentView.swift; sourceTree = "<group>"; };
		EA7DFE2B29896A4E00F23B23 /* Assets.xcassets */ = {isa = PBXFileReference; lastKnownFileType = folder.assetcatalog; path = Assets.xcassets; sourceTree = "<group>"; };
		EA7DFE2E29896A4E00F23B23 /* Preview Assets.xcassets */ = {isa = PBXFileReference; lastKnownFileType = folder.assetcatalog; path = "Preview Assets.xcassets"; sourceTree = "<group>"; };
		EA7DFE3629896FE100F23B23 /* Article.swift */ = {isa = PBXFileReference; lastKnownFileType = sourcecode.swift; path = Article.swift; sourceTree = "<group>"; };
		EA7DFE392989740400F23B23 /* NewsAPIResponse.swift */ = {isa = PBXFileReference; lastKnownFileType = sourcecode.swift; path = NewsAPIResponse.swift; sourceTree = "<group>"; };
		EA7DFE3C2989758700F23B23 /* news.json */ = {isa = PBXFileReference; lastKnownFileType = text.json; path = news.json; sourceTree = "<group>"; };
		EADAA0A4298975F500CFB5E0 /* ArticleRowView.swift */ = {isa = PBXFileReference; lastKnownFileType = sourcecode.swift; path = ArticleRowView.swift; sourceTree = "<group>"; };
		EADAA0A629897A8300CFB5E0 /* Info.plist */ = {isa = PBXFileReference; lastKnownFileType = text.plist; path = Info.plist; sourceTree = "<group>"; };
		EADAA0A729897FAC00CFB5E0 /* ArticleListView.swift */ = {isa = PBXFileReference; lastKnownFileType = sourcecode.swift; path = ArticleListView.swift; sourceTree = "<group>"; };
		EADAA0A9298980E300CFB5E0 /* SafariView.swift */ = {isa = PBXFileReference; lastKnownFileType = sourcecode.swift; path = SafariView.swift; sourceTree = "<group>"; };
/* End PBXFileReference section */

/* Begin PBXFrameworksBuildPhase section */
		EA7DFE2129896A4B00F23B23 /* Frameworks */ = {
			isa = PBXFrameworksBuildPhase;
			buildActionMask = 2147483647;
			files = (
			);
			runOnlyForDeploymentPostprocessing = 0;
		};
/* End PBXFrameworksBuildPhase section */

/* Begin PBXGroup section */
		EA52C3EB298B0B5200FCE458 /* API */ = {
			isa = PBXGroup;
			children = (
				EA52C3EC298B0B6400FCE458 /* NewsAPI.swift */,
			);
			path = API;
			sourceTree = "<group>";
		};
		EA52C3F0298B11E600FCE458 /* ViewModel */ = {
			isa = PBXGroup;
			children = (
				EA52C3F1298B11F600FCE458 /* ArticleViewModel.swift */,
			);
			path = ViewModel;
			sourceTree = "<group>";
		};
		EA7DFE1B29896A4B00F23B23 = {
			isa = PBXGroup;
			children = (
				EA7DFE2629896A4B00F23B23 /* Newier */,
				EA7DFE2529896A4B00F23B23 /* Products */,
			);
			sourceTree = "<group>";
		};
		EA7DFE2529896A4B00F23B23 /* Products */ = {
			isa = PBXGroup;
			children = (
				EA7DFE2429896A4B00F23B23 /* Newier.app */,
			);
			name = Products;
			sourceTree = "<group>";
		};
		EA7DFE2629896A4B00F23B23 /* Newier */ = {
			isa = PBXGroup;
			children = (
				EA52C3EB298B0B5200FCE458 /* API */,
				EA7DFE3B298974F200F23B23 /* Views */,
				EA52C3F0298B11E600FCE458 /* ViewModel */,
				EADAA0A629897A8300CFB5E0 /* Info.plist */,
				EA7DFE2729896A4C00F23B23 /* NewierApp.swift */,
				EA7DFE2929896A4C00F23B23 /* ContentView.swift */,
				EA7DFE3529896FC800F23B23 /* Models */,
				EA7DFE2B29896A4E00F23B23 /* Assets.xcassets */,
				EA7DFE2D29896A4E00F23B23 /* Preview Content */,
				EA7DFE3C2989758700F23B23 /* news.json */,
			);
			path = Newier;
			sourceTree = "<group>";
		};
		EA7DFE2D29896A4E00F23B23 /* Preview Content */ = {
			isa = PBXGroup;
			children = (
				EA7DFE2E29896A4E00F23B23 /* Preview Assets.xcassets */,
			);
			path = "Preview Content";
			sourceTree = "<group>";
		};
		EA7DFE3529896FC800F23B23 /* Models */ = {
			isa = PBXGroup;
			children = (
				EA7DFE3629896FE100F23B23 /* Article.swift */,
				EA7DFE392989740400F23B23 /* NewsAPIResponse.swift */,
				EA52C3EE298B0C9700FCE458 /* Category.swift */,
			);
			path = Models;
			sourceTree = "<group>";
		};
		EA7DFE3B298974F200F23B23 /* Views */ = {
			isa = PBXGroup;
			children = (
				EADAA0A4298975F500CFB5E0 /* ArticleRowView.swift */,
				EADAA0A729897FAC00CFB5E0 /* ArticleListView.swift */,
				EADAA0A9298980E300CFB5E0 /* SafariView.swift */,
				EA52C3F3298B1BBF00FCE458 /* NewsTabView.swift */,
				EA52C3F5298B209A00FCE458 /* EmptyPlaceholderView.swift */,
				EA52C3F7298B20FF00FCE458 /* RetryView.swift */,
			);
			path = Views;
			sourceTree = "<group>";
		};
/* End PBXGroup section */

/* Begin PBXNativeTarget section */
		EA7DFE2329896A4B00F23B23 /* Newier */ = {
			isa = PBXNativeTarget;
			buildConfigurationList = EA7DFE3229896A4E00F23B23 /* Build configuration list for PBXNativeTarget "Newier" */;
			buildPhases = (
				EA7DFE2029896A4B00F23B23 /* Sources */,
				EA7DFE2129896A4B00F23B23 /* Frameworks */,
				EA7DFE2229896A4B00F23B23 /* Resources */,
			);
			buildRules = (
			);
			dependencies = (
			);
			name = Newier;
			productName = Newier;
			productReference = EA7DFE2429896A4B00F23B23 /* Newier.app */;
			productType = "com.apple.product-type.application";
		};
/* End PBXNativeTarget section */

/* Begin PBXProject section */
		EA7DFE1C29896A4B00F23B23 /* Project object */ = {
			isa = PBXProject;
			attributes = {
				BuildIndependentTargetsInParallel = 1;
				LastSwiftUpdateCheck = 1420;
				LastUpgradeCheck = 1420;
				TargetAttributes = {
					EA7DFE2329896A4B00F23B23 = {
						CreatedOnToolsVersion = 14.2;
					};
				};
			};
			buildConfigurationList = EA7DFE1F29896A4B00F23B23 /* Build configuration list for PBXProject "Newier" */;
			compatibilityVersion = "Xcode 14.0";
			developmentRegion = en;
			hasScannedForEncodings = 0;
			knownRegions = (
				en,
				Base,
			);
			mainGroup = EA7DFE1B29896A4B00F23B23;
			productRefGroup = EA7DFE2529896A4B00F23B23 /* Products */;
			projectDirPath = "";
			projectRoot = "";
			targets = (
				EA7DFE2329896A4B00F23B23 /* Newier */,
			);
		};
/* End PBXProject section */

/* Begin PBXResourcesBuildPhase section */
		EA7DFE2229896A4B00F23B23 /* Resources */ = {
			isa = PBXResourcesBuildPhase;
			buildActionMask = 2147483647;
			files = (
				EA7DFE3D2989758700F23B23 /* news.json in Resources */,
				EA7DFE2F29896A4E00F23B23 /* Preview Assets.xcassets in Resources */,
				EA7DFE2C29896A4E00F23B23 /* Assets.xcassets in Resources */,
			);
			runOnlyForDeploymentPostprocessing = 0;
		};
/* End PBXResourcesBuildPhase section */

/* Begin PBXSourcesBuildPhase section */
		EA7DFE2029896A4B00F23B23 /* Sources */ = {
			isa = PBXSourcesBuildPhase;
			buildActionMask = 2147483647;
			files = (
				EA7DFE2A29896A4C00F23B23 /* ContentView.swift in Sources */,
				EADAA0A829897FAD00CFB5E0 /* ArticleListView.swift in Sources */,
				EA52C3F6298B209A00FCE458 /* EmptyPlaceholderView.swift in Sources */,
				EADAA0A5298975F500CFB5E0 /* ArticleRowView.swift in Sources */,
				EA52C3F8298B20FF00FCE458 /* RetryView.swift in Sources */,
				EA52C3F2298B11F600FCE458 /* ArticleViewModel.swift in Sources */,
				EA7DFE2829896A4C00F23B23 /* NewierApp.swift in Sources */,
				EA7DFE3A2989740400F23B23 /* NewsAPIResponse.swift in Sources */,
				EA52C3EF298B0C9700FCE458 /* Category.swift in Sources */,
				EA52C3F4298B1BBF00FCE458 /* NewsTabView.swift in Sources */,
				EA7DFE3729896FE100F23B23 /* Article.swift in Sources */,
				EADAA0AA298980E300CFB5E0 /* SafariView.swift in Sources */,
				EA52C3ED298B0B6400FCE458 /* NewsAPI.swift in Sources */,
			);
			runOnlyForDeploymentPostprocessing = 0;
		};
/* End PBXSourcesBuildPhase section */

/* Begin XCBuildConfiguration section */
		EA7DFE3029896A4E00F23B23 /* Debug */ = {
			isa = XCBuildConfiguration;
			buildSettings = {
				ALWAYS_SEARCH_USER_PATHS = NO;
				CLANG_ANALYZER_NONNULL = YES;
				CLANG_ANALYZER_NUMBER_OBJECT_CONVERSION = YES_AGGRESSIVE;
				CLANG_CXX_LANGUAGE_STANDARD = "gnu++20";
				CLANG_ENABLE_MODULES = YES;
				CLANG_ENABLE_OBJC_ARC = YES;
				CLANG_ENABLE_OBJC_WEAK = YES;
				CLANG_WARN_BLOCK_CAPTURE_AUTORELEASING = YES;
				CLANG_WARN_BOOL_CONVERSION = YES;
				CLANG_WARN_COMMA = YES;
				CLANG_WARN_CONSTANT_CONVERSION = YES;
				CLANG_WARN_DEPRECATED_OBJC_IMPLEMENTATIONS = YES;
				CLANG_WARN_DIRECT_OBJC_ISA_USAGE = YES_ERROR;
				CLANG_WARN_DOCUMENTATION_COMMENTS = YES;
				CLANG_WARN_EMPTY_BODY = YES;
				CLANG_WARN_ENUM_CONVERSION = YES;
				CLANG_WARN_INFINITE_RECURSION = YES;
				CLANG_WARN_INT_CONVERSION = YES;
				CLANG_WARN_NON_LITERAL_NULL_CONVERSION = YES;
				CLANG_WARN_OBJC_IMPLICIT_RETAIN_SELF = YES;
				CLANG_WARN_OBJC_LITERAL_CONVERSION = YES;
				CLANG_WARN_OBJC_ROOT_CLASS = YES_ERROR;
				CLANG_WARN_QUOTED_INCLUDE_IN_FRAMEWORK_HEADER = YES;
				CLANG_WARN_RANGE_LOOP_ANALYSIS = YES;
				CLANG_WARN_STRICT_PROTOTYPES = YES;
				CLANG_WARN_SUSPICIOUS_MOVE = YES;
				CLANG_WARN_UNGUARDED_AVAILABILITY = YES_AGGRESSIVE;
				CLANG_WARN_UNREACHABLE_CODE = YES;
				CLANG_WARN__DUPLICATE_METHOD_MATCH = YES;
				COPY_PHASE_STRIP = NO;
				DEBUG_INFORMATION_FORMAT = dwarf;
				ENABLE_STRICT_OBJC_MSGSEND = YES;
				ENABLE_TESTABILITY = YES;
				GCC_C_LANGUAGE_STANDARD = gnu11;
				GCC_DYNAMIC_NO_PIC = NO;
				GCC_NO_COMMON_BLOCKS = YES;
				GCC_OPTIMIZATION_LEVEL = 0;
				GCC_PREPROCESSOR_DEFINITIONS = (
					"DEBUG=1",
					"$(inherited)",
				);
				GCC_WARN_64_TO_32_BIT_CONVERSION = YES;
				GCC_WARN_ABOUT_RETURN_TYPE = YES_ERROR;
				GCC_WARN_UNDECLARED_SELECTOR = YES;
				GCC_WARN_UNINITIALIZED_AUTOS = YES_AGGRESSIVE;
				GCC_WARN_UNUSED_FUNCTION = YES;
				GCC_WARN_UNUSED_VARIABLE = YES;
				IPHONEOS_DEPLOYMENT_TARGET = 16.2;
				MTL_ENABLE_DEBUG_INFO = INCLUDE_SOURCE;
				MTL_FAST_MATH = YES;
				ONLY_ACTIVE_ARCH = YES;
				SDKROOT = iphoneos;
				SWIFT_ACTIVE_COMPILATION_CONDITIONS = DEBUG;
				SWIFT_OPTIMIZATION_LEVEL = "-Onone";
			};
			name = Debug;
		};
		EA7DFE3129896A4E00F23B23 /* Release */ = {
			isa = XCBuildConfiguration;
			buildSettings = {
				ALWAYS_SEARCH_USER_PATHS = NO;
				CLANG_ANALYZER_NONNULL = YES;
				CLANG_ANALYZER_NUMBER_OBJECT_CONVERSION = YES_AGGRESSIVE;
				CLANG_CXX_LANGUAGE_STANDARD = "gnu++20";
				CLANG_ENABLE_MODULES = YES;
				CLANG_ENABLE_OBJC_ARC = YES;
				CLANG_ENABLE_OBJC_WEAK = YES;
				CLANG_WARN_BLOCK_CAPTURE_AUTORELEASING = YES;
				CLANG_WARN_BOOL_CONVERSION = YES;
				CLANG_WARN_COMMA = YES;
				CLANG_WARN_CONSTANT_CONVERSION = YES;
				CLANG_WARN_DEPRECATED_OBJC_IMPLEMENTATIONS = YES;
				CLANG_WARN_DIRECT_OBJC_ISA_USAGE = YES_ERROR;
				CLANG_WARN_DOCUMENTATION_COMMENTS = YES;
				CLANG_WARN_EMPTY_BODY = YES;
				CLANG_WARN_ENUM_CONVERSION = YES;
				CLANG_WARN_INFINITE_RECURSION = YES;
				CLANG_WARN_INT_CONVERSION = YES;
				CLANG_WARN_NON_LITERAL_NULL_CONVERSION = YES;
				CLANG_WARN_OBJC_IMPLICIT_RETAIN_SELF = YES;
				CLANG_WARN_OBJC_LITERAL_CONVERSION = YES;
				CLANG_WARN_OBJC_ROOT_CLASS = YES_ERROR;
				CLANG_WARN_QUOTED_INCLUDE_IN_FRAMEWORK_HEADER = YES;
				CLANG_WARN_RANGE_LOOP_ANALYSIS = YES;
				CLANG_WARN_STRICT_PROTOTYPES = YES;
				CLANG_WARN_SUSPICIOUS_MOVE = YES;
				CLANG_WARN_UNGUARDED_AVAILABILITY = YES_AGGRESSIVE;
				CLANG_WARN_UNREACHABLE_CODE = YES;
				CLANG_WARN__DUPLICATE_METHOD_MATCH = YES;
				COPY_PHASE_STRIP = NO;
				DEBUG_INFORMATION_FORMAT = "dwarf-with-dsym";
				ENABLE_NS_ASSERTIONS = NO;
				ENABLE_STRICT_OBJC_MSGSEND = YES;
				GCC_C_LANGUAGE_STANDARD = gnu11;
				GCC_NO_COMMON_BLOCKS = YES;
				GCC_WARN_64_TO_32_BIT_CONVERSION = YES;
				GCC_WARN_ABOUT_RETURN_TYPE = YES_ERROR;
				GCC_WARN_UNDECLARED_SELECTOR = YES;
				GCC_WARN_UNINITIALIZED_AUTOS = YES_AGGRESSIVE;
				GCC_WARN_UNUSED_FUNCTION = YES;
				GCC_WARN_UNUSED_VARIABLE = YES;
				IPHONEOS_DEPLOYMENT_TARGET = 16.2;
				MTL_ENABLE_DEBUG_INFO = NO;
				MTL_FAST_MATH = YES;
				SDKROOT = iphoneos;
				SWIFT_COMPILATION_MODE = wholemodule;
				SWIFT_OPTIMIZATION_LEVEL = "-O";
				VALIDATE_PRODUCT = YES;
			};
			name = Release;
		};
		EA7DFE3329896A4E00F23B23 /* Debug */ = {
			isa = XCBuildConfiguration;
			buildSettings = {
				ASSETCATALOG_COMPILER_APPICON_NAME = AppIcon;
				ASSETCATALOG_COMPILER_GLOBAL_ACCENT_COLOR_NAME = AccentColor;
				CODE_SIGN_STYLE = Automatic;
				CURRENT_PROJECT_VERSION = 1;
				DEVELOPMENT_ASSET_PATHS = "\"Newier/Preview Content\"";
				ENABLE_PREVIEWS = YES;
				GENERATE_INFOPLIST_FILE = YES;
				INFOPLIST_FILE = Newier/Info.plist;
				INFOPLIST_KEY_UIApplicationSceneManifest_Generation = YES;
				INFOPLIST_KEY_UIApplicationSupportsIndirectInputEvents = YES;
				INFOPLIST_KEY_UILaunchScreen_Generation = YES;
				INFOPLIST_KEY_UISupportedInterfaceOrientations_iPad = "UIInterfaceOrientationPortrait UIInterfaceOrientationPortraitUpsideDown UIInterfaceOrientationLandscapeLeft UIInterfaceOrientationLandscapeRight";
				INFOPLIST_KEY_UISupportedInterfaceOrientations_iPhone = "UIInterfaceOrientationPortrait UIInterfaceOrientationLandscapeLeft UIInterfaceOrientationLandscapeRight";
				IPHONEOS_DEPLOYMENT_TARGET = 16.0;
				LD_RUNPATH_SEARCH_PATHS = (
					"$(inherited)",
					"@executable_path/Frameworks",
				);
				MARKETING_VERSION = 1.0;
				PRODUCT_BUNDLE_IDENTIFIER = com.khaled.Newier;
				PRODUCT_NAME = "$(TARGET_NAME)";
				SWIFT_EMIT_LOC_STRINGS = YES;
				SWIFT_VERSION = 5.0;
				TARGETED_DEVICE_FAMILY = "1,2";
			};
			name = Debug;
		};
		EA7DFE3429896A4E00F23B23 /* Release */ = {
			isa = XCBuildConfiguration;
			buildSettings = {
				ASSETCATALOG_COMPILER_APPICON_NAME = AppIcon;
				ASSETCATALOG_COMPILER_GLOBAL_ACCENT_COLOR_NAME = AccentColor;
				CODE_SIGN_STYLE = Automatic;
				CURRENT_PROJECT_VERSION = 1;
				DEVELOPMENT_ASSET_PATHS = "\"Newier/Preview Content\"";
				ENABLE_PREVIEWS = YES;
				GENERATE_INFOPLIST_FILE = YES;
				INFOPLIST_FILE = Newier/Info.plist;
				INFOPLIST_KEY_UIApplicationSceneManifest_Generation = YES;
				INFOPLIST_KEY_UIApplicationSupportsIndirectInputEvents = YES;
				INFOPLIST_KEY_UILaunchScreen_Generation = YES;
				INFOPLIST_KEY_UISupportedInterfaceOrientations_iPad = "UIInterfaceOrientationPortrait UIInterfaceOrientationPortraitUpsideDown UIInterfaceOrientationLandscapeLeft UIInterfaceOrientationLandscapeRight";
				INFOPLIST_KEY_UISupportedInterfaceOrientations_iPhone = "UIInterfaceOrientationPortrait UIInterfaceOrientationLandscapeLeft UIInterfaceOrientationLandscapeRight";
				IPHONEOS_DEPLOYMENT_TARGET = 16.0;
				LD_RUNPATH_SEARCH_PATHS = (
					"$(inherited)",
					"@executable_path/Frameworks",
				);
				MARKETING_VERSION = 1.0;
				PRODUCT_BUNDLE_IDENTIFIER = com.khaled.Newier;
				PRODUCT_NAME = "$(TARGET_NAME)";
				SWIFT_EMIT_LOC_STRINGS = YES;
				SWIFT_VERSION = 5.0;
				TARGETED_DEVICE_FAMILY = "1,2";
			};
			name = Release;
		};
/* End XCBuildConfiguration section */

/* Begin XCConfigurationList section */
		EA7DFE1F29896A4B00F23B23 /* Build configuration list for PBXProject "Newier" */ = {
			isa = XCConfigurationList;
			buildConfigurations = (
				EA7DFE3029896A4E00F23B23 /* Debug */,
				EA7DFE3129896A4E00F23B23 /* Release */,
			);
			defaultConfigurationIsVisible = 0;
			defaultConfigurationName = Release;
		};
		EA7DFE3229896A4E00F23B23 /* Build configuration list for PBXNativeTarget "Newier" */ = {
			isa = XCConfigurationList;
			buildConfigurations = (
				EA7DFE3329896A4E00F23B23 /* Debug */,
				EA7DFE3429896A4E00F23B23 /* Release */,
			);
			defaultConfigurationIsVisible = 0;
			defaultConfigurationName = Release;
		};
/* End XCConfigurationList section */
	};
	rootObject = EA7DFE1C29896A4B00F23B23 /* Project object */;
}
